github.com/HugoBlox/hugo-blox-builder/modules/blox-bootstrap/v5 v5.9.7-0.20231202223609-e4309ca0cec6 h1:YZlT0a8kwPwQW3NIo9w07DBlryno7cz5dO0lA6pAAug=
github.com/HugoBlox/hugo-blox-builder/modules/blox-bootstrap/v5 v5.9.7-0.20231202223609-e4309ca0cec6/go.mod h1:xZiTEEurbEwj/NhZohozvlyLCGVCT2wARHDAJeqKG/c=
github.com/HugoBlox/hugo-blox-builder/modules/blox-bootstrap/v5 v5.9.7-0.20231203225701-577674f2437a h1:rEmLinDbXlnQgiT1nIbSi0euWrEKhmyz8K9Oc2ezvHw=
github.com/HugoBlox/hugo-blox-builder/modules/blox-bootstrap/v5 v5.9.7-0.20231203225701-577674f2437a/go.mod h1:xZiTEEurbEwj/NhZohozvlyLCGVCT2wARHDAJeqKG/c=
github.com/HugoBlox/hugo-blox-builder/modules/blox-core v0.3.1/go.mod h1:So8+V2U+TNxlXmcpZfdDX0muLh3PdJ7z92h30sv3bZg=
github.com/HugoBlox/hugo-blox-builder/modules/blox-core v0.3.2-0.20231202223609-e4309ca0cec6 h1:wTlxtQnsl2R44jwUmgPqhTsSwYM8AAiBZPx7uNsOb4c=
github.com/HugoBlox/hugo-blox-builder/modules/blox-core v0.3.2-0.20231202223609-e4309ca0cec6/go.mod h1:So8+V2U+TNxlXmcpZfdDX0muLh3PdJ7z92h30sv3bZg=
github.com/HugoBlox/hugo-blox-builder/modules/blox-core v0.3.2-0.20231203225701-577674f2437a h1:rAun5AxcvtfEz+yYEXBvmPHAqZ39K/oBjnrhl3/oHxA=
github.com/HugoBlox/hugo-blox-builder/modules/blox-core v0.3.2-0.20231203225701-577674f2437a/go.mod h1:So8+V2U+TNxlXmcpZfdDX0muLh3PdJ7z92h30sv3bZg=
github.com/HugoBlox/hugo-blox-builder/modules/blox-plugin-decap-cms v0.1.2-0.20231202223609-e4309ca0cec6 h1:Jwv8lq+bC8pCWbtwKee4G6gQR4oc2cb5SFvqnvkxX+w=
github.com/HugoBlox/hugo-blox-builder/modules/blox-plugin-decap-cms v0.1.2-0.20231202223609-e4309ca0cec6/go.mod h1:Njlsj3S1Z833TdX1nacJZzsiwGGhOq4Nilzo2BH/wQ8=
github.com/HugoBlox/hugo-blox-builder/modules/blox-plugin-decap-cms v0.1.2-0.20231203225701-577674f2437a h1:KW6oIMUswGkQ3CUWqYLP/xRvk2PCLZ6RVzsi05tJoLk=
github.com/HugoBlox/hugo-blox-builder/modules/blox-plugin-decap-cms v0.1.2-0.20231203225701-577674f2437a/go.mod h1:Njlsj3S1Z833TdX1nacJZzsiwGGhOq4Nilzo2BH/wQ8=
github.com/HugoBlox/hugo-blox-builder/modules/blox-plugin-netlify v1.1.2-0.20231202223609-e4309ca0cec6 h1:hL+EooJw+O/Eg9QtlAXFrAU3GyngC/kNrvwnDaPMvEY=
github.com/HugoBlox/hugo-blox-builder/modules/blox-plugin-netlify v1.1.2-0.20231202223609-e4309ca0cec6/go.mod h1:C7jfxMLv1bEUqbM9XDSmEpfOpS8w06OgqNDEcbuRgL4=
github.com/HugoBlox/hugo-blox-builder/modules/blox-plugin-netlify v1.1.2-0.20231203225701-577674f2437a h1:OKCMVBYIkL41j8XyiRruorWQLIfBhpNcfXZ7hV6kTWo=
github.com/HugoBlox/hugo-blox-builder/modules/blox-plugin-netlify v1.1.2-0.20231203225701-577674f2437a/go.mod h1:C7jfxMLv1bEUqbM9XDSmEpfOpS8w06OgqNDEcbuRgL4=
github.com/HugoBlox/hugo-blox-builder/modules/blox-plugin-reveal v1.1.3-0.20231202223609-e4309ca0cec6 h1:BNP8qCQ/JLlZt8qF8oG/kDY6zejavKCXVFl5GJWIjag=
github.com/HugoBlox/hugo-blox-builder/modules/blox-plugin-reveal v1.1.3-0.20231202223609-e4309ca0cec6/go.mod h1:F7quX1aEkV2pToTpmDBXOSTkytAnCKkqv/JFLclqa2g=
github.com/HugoBlox/hugo-blox-builder/modules/blox-plugin-reveal v1.1.3-0.20231203225701-577674f2437a h1:M/oREUzxu7hcm53AAz11OeLxu+Tr+tg/araJYyFIcNI=
github.com/HugoBlox/hugo-blox-builder/modules/blox-plugin-reveal v1.1.3-0.20231203225701-577674f2437a/go.mod h1:F7quX1aEkV2pToTpmDBXOSTkytAnCKkqv/JFLclqa2g=
github.com/HugoBlox/hugo-blox-builder/modules/blox-seo v0.2.2/go.mod h1:NsESu6cEms1DgH84icCyylElg2Zu8A0f7Fma5JR0LZE=
github.com/HugoBlox/hugo-blox-builder/modules/blox-seo v0.2.3-0.20231202223609-e4309ca0cec6 h1:v57VZYTY3AjdDyzQFfktFhcjhjqNkUA7XcRKEgU/4cM=
github.com/HugoBlox/hugo-blox-builder/modules/blox-seo v0.2.3-0.20231202223609-e4309ca0cec6/go.mod h1:NsESu6cEms1DgH84icCyylElg2Zu8A0f7Fma5JR0LZE=
github.com/HugoBlox/hugo-blox-builder/modules/blox-seo v0.2.3-0.20231203225701-577674f2437a h1:fUHTJ6Xk+r4ZVI4C/ICYM/jqkb1w8ZH4uJ8HzdIixI0=
github.com/HugoBlox/hugo-blox-builder/modules/blox-seo v0.2.3-0.20231203225701-577674f2437a/go.mod h1:NsESu6cEms1DgH84icCyylElg2Zu8A0f7Fma5JR0LZE=
