github.com/wowchemy/wowchemy-hugo-themes/modules/wowchemy-core v0.2.1-0.20231101183733-7b61e2f369e6/go.mod h1:kJwI9H8dicHQCnP8G9EvUDI+oNg/yXcGsjGjwjXuM8I=
github.com/wowchemy/wowchemy-hugo-themes/modules/wowchemy-plugin-netlify v1.0.1-0.20231102175327-42cbd6623922 h1:ObzYamSRPPUzGhHS24gWr6UW9WUqqG5x4mHwcATImXw=
github.com/wowchemy/wowchemy-hugo-themes/modules/wowchemy-plugin-netlify v1.0.1-0.20231102175327-42cbd6623922/go.mod h1:s40UgLsWfVyCLQ2F4F3dBcNfZOXcPGld7KxsKhZdzvM=
github.com/wowchemy/wowchemy-hugo-themes/modules/wowchemy-plugin-netlify-cms v1.0.1-0.20231102175327-42cbd6623922 h1:I/ngaptyK83gwl8R1Ro8ESf34D4xAnO4SdGFvGIhQJo=
github.com/wowchemy/wowchemy-hugo-themes/modules/wowchemy-plugin-netlify-cms v1.0.1-0.20231102175327-42cbd6623922/go.mod h1:X1mETJo6Lkv9tEgfU0UYFRiRInf0RbgW+s1RKXB4GMA=
github.com/wowchemy/wowchemy-hugo-themes/modules/wowchemy-plugin-reveal v0.0.0-20221029143146-ff4b7b1193fa h1:3SBEBFC1gzlOd+HTDpc6SoaUJnL1lqi/TWNFcpYkI/0=
github.com/wowchemy/wowchemy-hugo-themes/modules/wowchemy-plugin-reveal v0.0.0-20221029143146-ff4b7b1193fa/go.mod h1:u2hgU45C6Oi3CwMzSNvTwuRTsKs7O46EG3MTjNKu7gE=
github.com/wowchemy/wowchemy-hugo-themes/modules/wowchemy-seo v0.1.1-0.20231101183733-7b61e2f369e6/go.mod h1:ecSfomc5wqJSsZb+WuOJGMqCDxONsooRuWmIObTOpR0=
github.com/wowchemy/wowchemy-hugo-themes/modules/wowchemy/v5 v5.9.0 h1:k7vB8NFZ39dWr8MHemJE+MSClGnFN7OrCBa8so/v+UA=
github.com/wowchemy/wowchemy-hugo-themes/modules/wowchemy/v5 v5.9.0/go.mod h1:lt2bI75FiRLJ5Z6BnzfVtag2hBpIISLduGq6I8KkLEE=
